
Microsoft Visual Studio Solution File, Format Version 12.00
# Visual Studio Version 17
VisualStudioVersion = 17.3.32825.248
MinimumVisualStudioVersion = 10.0.40219.1
Project("{9A19103F-16F7-4668-BE54-9A1E7A4F7556}") = "ALEControlLibrary", "..\LittleCode\ALEControlLibrary\ALEControlLibrary.csproj", "{44FA1C28-A6FF-4978-8169-92CC279A16D1}"
EndProject
Project("{9A19103F-16F7-4668-BE54-9A1E7A4F7556}") = "LinkEatsApp", "..\LittleCode\LinkEatsApp\LinkEatsApp.csproj", "{FE555322-3756-4D2D-B207-192DB589FE8D}"
EndProject
Project("{FAE04EC0-301F-11D3-BF4B-00C04F79EFBC}") = "ConsoleAppEntityFramework", "ConsoleAppEntityFramework\ConsoleAppEntityFramework.csproj", "{43408B67-74F9-4E42-99A0-986124966159}"
EndProject
Global
	GlobalSection(SolutionConfigurationPlatforms) = preSolution
		Debug|Any CPU = Debug|Any CPU
		Release|Any CPU = Release|Any CPU
	EndGlobalSection
	GlobalSection(ProjectConfigurationPlatforms) = postSolution
		{44FA1C28-A6FF-4978-8169-92CC279A16D1}.Debug|Any CPU.ActiveCfg = Debug|Any CPU
		{44FA1C28-A6FF-4978-8169-92CC279A16D1}.Debug|Any CPU.Build.0 = Debug|Any CPU
		{44FA1C28-A6FF-4978-8169-92CC279A16D1}.Release|Any CPU.ActiveCfg = Release|Any CPU
		{44FA1C28-A6FF-4978-8169-92CC279A16D1}.Release|Any CPU.Build.0 = Release|Any CPU
		{FE555322-3756-4D2D-B207-192DB589FE8D}.Debug|Any CPU.ActiveCfg = Debug|Any CPU
		{FE555322-3756-4D2D-B207-192DB589FE8D}.Debug|Any CPU.Build.0 = Debug|Any CPU
		{FE555322-3756-4D2D-B207-192DB589FE8D}.Release|Any CPU.ActiveCfg = Release|Any CPU
		{FE555322-3756-4D2D-B207-192DB589FE8D}.Release|Any CPU.Build.0 = Release|Any CPU
		{43408B67-74F9-4E42-99A0-986124966159}.Debug|Any CPU.ActiveCfg = Debug|Any CPU
		{43408B67-74F9-4E42-99A0-986124966159}.Debug|Any CPU.Build.0 = Debug|Any CPU
		{43408B67-74F9-4E42-99A0-986124966159}.Release|Any CPU.ActiveCfg = Release|Any CPU
		{43408B67-74F9-4E42-99A0-986124966159}.Release|Any CPU.Build.0 = Release|Any CPU
	EndGlobalSection
	GlobalSection(SolutionProperties) = preSolution
		HideSolutionNode = FALSE
	EndGlobalSection
	GlobalSection(ExtensibilityGlobals) = postSolution
		SolutionGuid = {19BB2971-0A3B-49CE-83B8-FFD8BADE05CB}
	EndGlobalSection
EndGlobal
